
Microsoft Visual Studio Solution File, Format Version 12.00
# Visual Studio Version 17
VisualStudioVersion = 17.8.34408.163
MinimumVisualStudioVersion = 10.0.40219.1
Project("{9A19103F-16F7-4668-BE54-9A1E7A4F7556}") = "RestaurantCMS.Server", "RestaurantCMS.Server\RestaurantCMS.Server.csproj", "{C08F7F2A-D5E3-48C0-8068-D4E7AD105DD4}"
EndProject
Project("{54A90642-561A-4BB1-A94E-469ADEE60C69}") = "restaurantcms.client", "restaurantcms.client\restaurantcms.client.esproj", "{D977E1A5-5815-49B1-9B2F-885FA651B3CB}"
EndProject
Project("{FAE04EC0-301F-11D3-BF4B-00C04F79EFBC}") = "RestaurantCMS.Database", "RestaurantCMS.Database\RestaurantCMS.Database.csproj", "{1206C4BB-19C9-4B3C-8BD1-678D0CA57681}"
EndProject
Global
	GlobalSection(SolutionConfigurationPlatforms) = preSolution
		Debug|Any CPU = Debug|Any CPU
		Release|Any CPU = Release|Any CPU
	EndGlobalSection
	GlobalSection(ProjectConfigurationPlatforms) = postSolution
		{C08F7F2A-D5E3-48C0-8068-D4E7AD105DD4}.Debug|Any CPU.ActiveCfg = Debug|Any CPU
		{C08F7F2A-D5E3-48C0-8068-D4E7AD105DD4}.Debug|Any CPU.Build.0 = Debug|Any CPU
		{C08F7F2A-D5E3-48C0-8068-D4E7AD105DD4}.Release|Any CPU.ActiveCfg = Release|Any CPU
		{C08F7F2A-D5E3-48C0-8068-D4E7AD105DD4}.Release|Any CPU.Build.0 = Release|Any CPU
		{D977E1A5-5815-49B1-9B2F-885FA651B3CB}.Debug|Any CPU.ActiveCfg = Debug|Any CPU
		{D977E1A5-5815-49B1-9B2F-885FA651B3CB}.Debug|Any CPU.Build.0 = Debug|Any CPU
		{D977E1A5-5815-49B1-9B2F-885FA651B3CB}.Debug|Any CPU.Deploy.0 = Debug|Any CPU
		{D977E1A5-5815-49B1-9B2F-885FA651B3CB}.Release|Any CPU.ActiveCfg = Release|Any CPU
		{D977E1A5-5815-49B1-9B2F-885FA651B3CB}.Release|Any CPU.Build.0 = Release|Any CPU
		{D977E1A5-5815-49B1-9B2F-885FA651B3CB}.Release|Any CPU.Deploy.0 = Release|Any CPU
		{1206C4BB-19C9-4B3C-8BD1-678D0CA57681}.Debug|Any CPU.ActiveCfg = Debug|Any CPU
		{1206C4BB-19C9-4B3C-8BD1-678D0CA57681}.Debug|Any CPU.Build.0 = Debug|Any CPU
		{1206C4BB-19C9-4B3C-8BD1-678D0CA57681}.Release|Any CPU.ActiveCfg = Release|Any CPU
		{1206C4BB-19C9-4B3C-8BD1-678D0CA57681}.Release|Any CPU.Build.0 = Release|Any CPU
	EndGlobalSection
	GlobalSection(SolutionProperties) = preSolution
		HideSolutionNode = FALSE
	EndGlobalSection
	GlobalSection(ExtensibilityGlobals) = postSolution
		SolutionGuid = {6F76DAE0-34F9-4C7C-8C26-42045C0DF864}
	EndGlobalSection
EndGlobal
